Microsoft Visual Studio Solution File, Format Version 11.00
# Visual Studio 2008

Project("{53253843-F7C2-79E1-B481-9D835A21EAAB}") = "Vacuum Cleaner", "Assembly-CSharp.csproj", "{7703456E-F835-C731-3FC6-3F0BA79A36F0}"
EndProject
Global
	GlobalSection(SolutionConfigurationPlatforms) = preSolution
		Debug|Any CPU = Debug|Any CPU
		Release|Any CPU = Release|Any CPU
	EndGlobalSection
	GlobalSection(ProjectConfigurationPlatforms) = postSolution
		{7703456E-F835-C731-3FC6-3F0BA79A36F0}.Debug|Any CPU.ActiveCfg = Debug|Any CPU
		{7703456E-F835-C731-3FC6-3F0BA79A36F0}.Debug|Any CPU.Build.0 = Debug|Any CPU
		{7703456E-F835-C731-3FC6-3F0BA79A36F0}.Release|Any CPU.ActiveCfg = Release|Any CPU
		{7703456E-F835-C731-3FC6-3F0BA79A36F0}.Release|Any CPU.Build.0 = Release|Any CPU
	EndGlobalSection
	GlobalSection(SolutionProperties) = preSolution
		HideSolutionNode = FALSE
	EndGlobalSection
	GlobalSection(MonoDevelopProperties) = preSolution
		StartupItem = Assembly-CSharp.csproj
	EndGlobalSection
EndGlobal
